
Microsoft Visual Studio Solution File, Format Version 12.00
# Visual Studio Version 16
VisualStudioVersion = 16.0.31410.357
MinimumVisualStudioVersion = 10.0.40219.1
Project("{9A19103F-16F7-4668-BE54-9A1E7A4F7556}") = "PostCodeWebAPI", "PostCodeWebAPI.csproj", "{24E5AE52-591A-4411-B27C-B44E20F77573}"
EndProject
Global
	GlobalSection(SolutionConfigurationPlatforms) = preSolution
		Debug|Any CPU = Debug|Any CPU
		Release|Any CPU = Release|Any CPU
	EndGlobalSection
	GlobalSection(ProjectConfigurationPlatforms) = postSolution
		{24E5AE52-591A-4411-B27C-B44E20F77573}.Debug|Any CPU.ActiveCfg = Debug|Any CPU
		{24E5AE52-591A-4411-B27C-B44E20F77573}.Debug|Any CPU.Build.0 = Debug|Any CPU
		{24E5AE52-591A-4411-B27C-B44E20F77573}.Release|Any CPU.ActiveCfg = Release|Any CPU
		{24E5AE52-591A-4411-B27C-B44E20F77573}.Release|Any CPU.Build.0 = Release|Any CPU
	EndGlobalSection
	GlobalSection(SolutionProperties) = preSolution
		HideSolutionNode = FALSE
	EndGlobalSection
	GlobalSection(ExtensibilityGlobals) = postSolution
		SolutionGuid = {77F5B63C-EFD8-4F02-9148-26B3E8ACF90A}
	EndGlobalSection
EndGlobal
